
Microsoft Visual Studio Solution File, Format Version 12.00
# Visual Studio Version 17
VisualStudioVersion = 17.2.32516.85
MinimumVisualStudioVersion = 10.0.40219.1
Project("{FAE04EC0-301F-11D3-BF4B-00C04F79EFBC}") = "TARGET MiDOC", "TARGET MiDOC\TARGET MiDOC.csproj", "{2A33B488-3036-44CD-9BA4-A363CC24EAEC}"
EndProject
Global
	GlobalSection(SolutionConfigurationPlatforms) = preSolution
		Debug|Any CPU = Debug|Any CPU
		Release|Any CPU = Release|Any CPU
	EndGlobalSection
	GlobalSection(ProjectConfigurationPlatforms) = postSolution
		{2A33B488-3036-44CD-9BA4-A363CC24EAEC}.Debug|Any CPU.ActiveCfg = Debug|Any CPU
		{2A33B488-3036-44CD-9BA4-A363CC24EAEC}.Debug|Any CPU.Build.0 = Debug|Any CPU
		{2A33B488-3036-44CD-9BA4-A363CC24EAEC}.Release|Any CPU.ActiveCfg = Release|Any CPU
		{2A33B488-3036-44CD-9BA4-A363CC24EAEC}.Release|Any CPU.Build.0 = Release|Any CPU
	EndGlobalSection
	GlobalSection(SolutionProperties) = preSolution
		HideSolutionNode = FALSE
	EndGlobalSection
	GlobalSection(ExtensibilityGlobals) = postSolution
		SolutionGuid = {C337715C-8076-48E3-B2EF-87364170C357}
	EndGlobalSection
EndGlobal
